<?xml version="1.0" encoding="utf-8"?>
<Project ToolsVersion="4.0" xmlns="http://schemas.microsoft.com/developer/msbuild/2003">
  <ItemGroup>
    <Filter Include="win32">
      <UniqueIdentifier>{84a8ebd7-7cf0-47f6-b75e-d441df67da40}</UniqueIdentifier>
    </Filter>
    <Filter Include="resource">
      <UniqueIdentifier>{715254bc-d70b-4ec5-bf29-467dd3ace079}</UniqueIdentifier>
    </Filter>
    <Filter Include="src">
      <UniqueIdentifier>{bb6c862e-70e9-49d9-81b7-3829a6f50471}</UniqueIdentifier>
    </Filter>
    <Filter Include="src\configs">
      <UniqueIdentifier>{2d49ac7a-d8a4-4797-adf4-8ca534ff14b9}</UniqueIdentifier>
    </Filter>
    <Filter Include="src\controlls">
      <UniqueIdentifier>{62f94c5c-b415-49bc-9a35-d9490dba8ed4}</UniqueIdentifier>
    </Filter>
    <Filter Include="src\models">
      <UniqueIdentifier>{6e382d1d-ffa1-4c86-8c78-c467045c3110}</UniqueIdentifier>
    </Filter>
    <Filter Include="src\utils">
      <UniqueIdentifier>{ed728535-6392-43fe-b1ce-72c8ffa160a6}</UniqueIdentifier>
    </Filter>
    <Filter Include="src\views">
      <UniqueIdentifier>{25ed8660-a624-416c-87a6-b944e38e0f08}</UniqueIdentifier>
    </Filter>
    <Filter Include="src\services">
      <UniqueIdentifier>{40199e3a-a5dd-492f-8d07-8108e88f89e8}</UniqueIdentifier>
    </Filter>
    <Filter Include="src\managers">
      <UniqueIdentifier>{e0c158cb-c362-47c7-bc8f-f4c7196c81d4}</UniqueIdentifier>
    </Filter>
  </ItemGroup>
  <ItemGroup>
    <ClCompile Include="main.cpp">
      <Filter>win32</Filter>
    </ClCompile>
    <ClCompile Include="AppDelegate.cpp">
      <Filter>src</Filter>
    </ClCompile>
    <ClCompile Include="GameController.cpp">
      <Filter>src\controlls</Filter>
    </ClCompile>
    <ClCompile Include="GameView.cpp">
      <Filter>src\views</Filter>
    </ClCompile>
    <ClCompile Include="LevelConfigLoad.cpp">
      <Filter>src\configs</Filter>
    </ClCompile>
    <ClCompile Include="CardView.cpp">
      <Filter>src\views</Filter>
    </ClCompile>
    <ClCompile Include="GameModelFromLevelGenerator.cpp">
      <Filter>src\services</Filter>
    </ClCompile>
    <ClCompile Include="UndoManager.cpp">
      <Filter>src\managers</Filter>
    </ClCompile>
  </ItemGroup>
  <ItemGroup>
    <ClInclude Include="main.h">
      <Filter>win32</Filter>
    </ClInclude>
    <ClInclude Include="AppDelegate.h">
      <Filter>src</Filter>
    </ClInclude>
    <ClInclude Include="CardDef.h">
      <Filter>src\utils</Filter>
    </ClInclude>
    <ClInclude Include="GameController.h">
      <Filter>src\controlls</Filter>
    </ClInclude>
    <ClInclude Include="GameView.h">
      <Filter>src\views</Filter>
    </ClInclude>
    <ClInclude Include="CardModel.h">
      <Filter>src\models</Filter>
    </ClInclude>
    <ClInclude Include="LevelConfig.h">
      <Filter>src\configs</Filter>
    </ClInclude>
    <ClInclude Include="LevelConfigLoader.h">
      <Filter>src\configs</Filter>
    </ClInclude>
    <ClInclude Include="GameModel.h">
      <Filter>src\models</Filter>
    </ClInclude>
    <ClInclude Include="CardView.h">
      <Filter>src\views</Filter>
    </ClInclude>
    <ClInclude Include="GameModelFromLevelGenerator.h">
      <Filter>src\services</Filter>
    </ClInclude>
    <ClInclude Include="UndoManager.h">
      <Filter>src\managers</Filter>
    </ClInclude>
    <ClInclude Include="UndoModel.h">
      <Filter>src\models</Filter>
    </ClInclude>
    <ClInclude Include="MathUtil.h">
      <Filter>src\utils</Filter>
    </ClInclude>
  </ItemGroup>
  <ItemGroup>
    <ResourceCompile Include="game.rc">
      <Filter>resource</Filter>
    </ResourceCompile>
  </ItemGroup>
</Project>